lockfileVersion: '9.0'

settings:
  autoInstallPeers: true
  excludeLinksFromLockfile: false

importers:

  .:
    dependencies:
      eventstore:
        specifier: ^1.15.5
        version: 1.15.5
    devDependencies:
      '@types/node':
        specifier: ^20.5.3
        version: 20.5.3

packages:

  '@types/node@20.5.3':
    resolution: {integrity: sha512-ITI7rbWczR8a/S6qjAW7DMqxqFMjjTo61qZVWJ1ubPvbIQsL5D/TvwjYEalM8Kthpe3hTzOGrF2TGbAu2uyqeA==}

  async@2.6.2:
    resolution: {integrity: sha512-H1qVYh1MYhEEFLsP97cVKqCGo7KfCyTt6uEWqsTBr9SO84oK9Uwbyd/yCW+6rKJLHksBNUVWZDAjfS+Ccx0Bbg==}

  debug@3.1.0:
    resolution: {integrity: sha512-OX8XqP7/1a9cqkxYw2yXss15f26NKWBpDXQd0/uK/KPqdQhxbPa994hnzjcE2VqQpDslf55723cKPUOGSmMY3g==}
    peerDependencies:
      supports-color: '*'
    peerDependenciesMeta:
      supports-color:
        optional: true

  dotty@0.0.2:
    resolution: {integrity: sha512-FyXolk/kSOpWRJO4iXXFfiihyJ5OQsOdxa/4Sj4cd9Bhla6xN8ak7ErY16aI3kPMWyXCzkZE2GTXHTY88oKK1w==}

  eventstore@1.15.5:
    resolution: {integrity: sha512-L1sJFMoNfPQgz8jQb9CBTs71xBz07lY5oR1ZDntAM7tCxKTVSQ1CXGpPB12M9oRVkDd3YmLO6FL8Hgpc/r1Btg==}
    engines: {node: '>=0.8.0'}

  jsondate@0.0.1:
    resolution: {integrity: sha512-7erjn70xKiVaSBCeiZvw3BAXAwNo8PKofxfVdwwuvsa8HxDM9g7x21KH64whD76BlNRl2WRkX3RoqiFvSfYxag==}

  lodash@4.17.19:
    resolution: {integrity: sha512-JNvd8XER9GQX0v2qJgsaN/mzFCNA5BRe/j8JN9d+tWyGLSodKQHKFicdwNYzWwI3wjRnaKPsGj1XkBjx/F96DQ==}

  ms@2.0.0:
    resolution: {integrity: sha512-Tpp60P6IUJDTuOq/5Z8cdskzJujfwqfOTkrwIwj7IRISpnkJnT6SyJ4PCPnGMoFjC9ddhal5KVIYtAt97ix05A==}

  parent-require@1.0.0:
    resolution: {integrity: sha512-2MXDNZC4aXdkkap+rBBMv0lUsfJqvX5/2FiYYnfCnorZt3Pk06/IOR5KeaoghgS2w07MLWgjbsnyaq6PdHn2LQ==}
    engines: {node: '>= 0.4.0'}

  retry@0.13.1:
    resolution: {integrity: sha512-XQBQ3I8W1Cge0Seh+6gjj03LbmRFWuoszgK9ooCpwYIrhhoO80pfq4cUkU5DkknwfOfFteRwlZ56PYOGYyFWdg==}
    engines: {node: '>= 4'}

  tolerance@1.0.0:
    resolution: {integrity: sha512-sNpS6/auTMyvy4aXrrOwhQtekMP3/7DD/EOcE+L1yDu00OuFEMIVYwy/0sHwiDQKUwpFjRlLlffNwfUnULJ62Q==}
    engines: {node: '>=0.6.x', npm: '>=1.1.x'}

  uuid@3.3.3:
    resolution: {integrity: sha512-pW0No1RGHgzlpHJO1nsVrHKpOEIxkGg1xB+v0ZmdNH5OAeAwzAVrCnI2/6Mtx+Uys6iaylxa+D3g4j63IKKjSQ==}
    deprecated: Please upgrade  to version 7 or higher.  Older versions may use Math.random() in certain circumstances, which is known to be problematic.  See https://v8.dev/blog/math-random for details.
    hasBin: true

snapshots:

  '@types/node@20.5.3': {}

  async@2.6.2:
    dependencies:
      lodash: 4.17.19

  debug@3.1.0:
    dependencies:
      ms: 2.0.0

  dotty@0.0.2: {}

  eventstore@1.15.5:
    dependencies:
      async: 2.6.2
      debug: 3.1.0
      dotty: 0.0.2
      jsondate: 0.0.1
      lodash: 4.17.19
      parent-require: 1.0.0
      tolerance: 1.0.0
      uuid: 3.3.3
    transitivePeerDependencies:
      - supports-color

  jsondate@0.0.1: {}

  lodash@4.17.19: {}

  ms@2.0.0: {}

  parent-require@1.0.0: {}

  retry@0.13.1: {}

  tolerance@1.0.0:
    dependencies:
      retry: 0.13.1

  uuid@3.3.3: {}
